
Microsoft Visual Studio Solution File, Format Version 12.00
# Visual Studio 15
VisualStudioVersion = 15.0.28307.489
MinimumVisualStudioVersion = 10.0.40219.1
Project("{FAE04EC0-301F-11D3-BF4B-00C04F79EFBC}") = "WebApiServer", "src\WebApiServer\WebApiServer.csproj", "{1A8885A0-23C5-400E-97E9-5D6E4561888D}"
EndProject
Project("{FAE04EC0-301F-11D3-BF4B-00C04F79EFBC}") = "WebApiClient", "src\WebApiClient\WebApiClient.csproj", "{CA2FE55C-B4A1-4ADA-B3EE-7856FBE0EC8B}"
EndProject
Project("{2150E333-8FDC-42A3-9474-1A3956D46DE8}") = "src", "src", "{30E36F1F-E3CD-44CA-888D-4F53D92CF436}"
EndProject
Global
	GlobalSection(SolutionConfigurationPlatforms) = preSolution
		Debug|Any CPU = Debug|Any CPU
		Release|Any CPU = Release|Any CPU
	EndGlobalSection
	GlobalSection(ProjectConfigurationPlatforms) = postSolution
		{1A8885A0-23C5-400E-97E9-5D6E4561888D}.Debug|Any CPU.ActiveCfg = Debug|Any CPU
		{1A8885A0-23C5-400E-97E9-5D6E4561888D}.Debug|Any CPU.Build.0 = Debug|Any CPU
		{1A8885A0-23C5-400E-97E9-5D6E4561888D}.Release|Any CPU.ActiveCfg = Release|Any CPU
		{1A8885A0-23C5-400E-97E9-5D6E4561888D}.Release|Any CPU.Build.0 = Release|Any CPU
		{CA2FE55C-B4A1-4ADA-B3EE-7856FBE0EC8B}.Debug|Any CPU.ActiveCfg = Debug|Any CPU
		{CA2FE55C-B4A1-4ADA-B3EE-7856FBE0EC8B}.Debug|Any CPU.Build.0 = Debug|Any CPU
		{CA2FE55C-B4A1-4ADA-B3EE-7856FBE0EC8B}.Release|Any CPU.ActiveCfg = Release|Any CPU
		{CA2FE55C-B4A1-4ADA-B3EE-7856FBE0EC8B}.Release|Any CPU.Build.0 = Release|Any CPU
	EndGlobalSection
	GlobalSection(SolutionProperties) = preSolution
		HideSolutionNode = FALSE
	EndGlobalSection
	GlobalSection(NestedProjects) = preSolution
		{1A8885A0-23C5-400E-97E9-5D6E4561888D} = {30E36F1F-E3CD-44CA-888D-4F53D92CF436}
		{CA2FE55C-B4A1-4ADA-B3EE-7856FBE0EC8B} = {30E36F1F-E3CD-44CA-888D-4F53D92CF436}
	EndGlobalSection
	GlobalSection(ExtensibilityGlobals) = postSolution
		SolutionGuid = {BD7A0560-D38D-4F23-B65D-AB0D55D9F8B9}
	EndGlobalSection
EndGlobal
